// !$*UTF8*$!
{
	archiveVersion = 1;
	classes = {
	};
	objectVersion = 46;
	objects = {

/* Begin PBXBuildFile section */
		E51A966C154530C400099FAB /* CustomMainTableViewCell.m in Sources */ = {isa = PBXBuildFile; fileRef = E51A966B154530C400099FAB /* CustomMainTableViewCell.m */; };
		E533FAED154CC56A005DA06C /* BlueDarkStripesSmall@2x.png in Resources */ = {isa = PBXBuildFile; fileRef = E533FAEC154CC56A005DA06C /* BlueDarkStripesSmall@2x.png */; };
		E533FAF5154CCDF6005DA06C /* BlueLightStripesSmall@2x.png in Resources */ = {isa = PBXBuildFile; fileRef = E533FAF4154CCDF6005DA06C /* BlueLightStripesSmall@2x.png */; };
		E533FAF9154CD588005DA06C /* BlueTopLightStripesSmall@2x.png in Resources */ = {isa = PBXBuildFile; fileRef = E533FAF8154CD588005DA06C /* BlueTopLightStripesSmall@2x.png */; };
		E533FAFC154CD669005DA06C /* BlueBotDarkStripesSmall@2x.png in Resources */ = {isa = PBXBuildFile; fileRef = E533FAFA154CD669005DA06C /* BlueBotDarkStripesSmall@2x.png */; };
		E533FAFD154CD669005DA06C /* BlueBotLightStripesSmall@2x.png in Resources */ = {isa = PBXBuildFile; fileRef = E533FAFB154CD669005DA06C /* BlueBotLightStripesSmall@2x.png */; };
		E53D487F15448C860037A0BD /* UIKit.framework in Frameworks */ = {isa = PBXBuildFile; fileRef = E53D487E15448C860037A0BD /* UIKit.framework */; };
		E53D488115448C860037A0BD /* Foundation.framework in Frameworks */ = {isa = PBXBuildFile; fileRef = E53D488015448C860037A0BD /* Foundation.framework */; };
		E53D488315448C860037A0BD /* CoreGraphics.framework in Frameworks */ = {isa = PBXBuildFile; fileRef = E53D488215448C860037A0BD /* CoreGraphics.framework */; };
		E53D488515448C860037A0BD /* CoreData.framework in Frameworks */ = {isa = PBXBuildFile; fileRef = E53D488415448C860037A0BD /* CoreData.framework */; };
		E53D488B15448C860037A0BD /* InfoPlist.strings in Resources */ = {isa = PBXBuildFile; fileRef = E53D488915448C860037A0BD /* InfoPlist.strings */; };
		E53D488D15448C860037A0BD /* main.m in Sources */ = {isa = PBXBuildFile; fileRef = E53D488C15448C860037A0BD /* main.m */; };
		E53D489115448C860037A0BD /* AppDelegate.m in Sources */ = {isa = PBXBuildFile; fileRef = E53D489015448C860037A0BD /* AppDelegate.m */; };
		E53D489415448C860037A0BD /* MainStoryboard.storyboard in Resources */ = {isa = PBXBuildFile; fileRef = E53D489215448C860037A0BD /* MainStoryboard.storyboard */; };
		E53D489715448C860037A0BD /* Stockz.xcdatamodeld in Sources */ = {isa = PBXBuildFile; fileRef = E53D489515448C860037A0BD /* Stockz.xcdatamodeld */; };
		E53D489A15448C860037A0BD /* MainViewController.m in Sources */ = {isa = PBXBuildFile; fileRef = E53D489915448C860037A0BD /* MainViewController.m */; };
		E53D489D15448C860037A0BD /* FlipsideViewController.m in Sources */ = {isa = PBXBuildFile; fileRef = E53D489C15448C860037A0BD /* FlipsideViewController.m */; };
		E53D48A515448C860037A0BD /* SenTestingKit.framework in Frameworks */ = {isa = PBXBuildFile; fileRef = E53D48A415448C860037A0BD /* SenTestingKit.framework */; };
		E53D48A615448C860037A0BD /* UIKit.framework in Frameworks */ = {isa = PBXBuildFile; fileRef = E53D487E15448C860037A0BD /* UIKit.framework */; };
		E53D48A715448C860037A0BD /* Foundation.framework in Frameworks */ = {isa = PBXBuildFile; fileRef = E53D488015448C860037A0BD /* Foundation.framework */; };
		E53D48A815448C860037A0BD /* CoreData.framework in Frameworks */ = {isa = PBXBuildFile; fileRef = E53D488415448C860037A0BD /* CoreData.framework */; };
		E53D48B015448C860037A0BD /* InfoPlist.strings in Resources */ = {isa = PBXBuildFile; fileRef = E53D48AE15448C860037A0BD /* InfoPlist.strings */; };
		E53D48B315448C860037A0BD /* StockzTests.m in Sources */ = {isa = PBXBuildFile; fileRef = E53D48B215448C860037A0BD /* StockzTests.m */; };
		E585C247154E30F0005318E9 /* UIImage+Scale.m in Sources */ = {isa = PBXBuildFile; fileRef = E585C246154E30F0005318E9 /* UIImage+Scale.m */; };
		E585C24A154E397B005318E9 /* BlueDarkStripes@2x.png in Resources */ = {isa = PBXBuildFile; fileRef = E585C248154E397B005318E9 /* BlueDarkStripes@2x.png */; };
		E585C24B154E397B005318E9 /* BlueLightStripes@2x.png in Resources */ = {isa = PBXBuildFile; fileRef = E585C249154E397B005318E9 /* BlueLightStripes@2x.png */; };
		E593EB8C1544D99800E6D236 /* StockSymbol.m in Sources */ = {isa = PBXBuildFile; fileRef = E593EB8B1544D99800E6D236 /* StockSymbol.m */; };
		E593EB901544E97B00E6D236 /* StockSymbolDataController.m in Sources */ = {isa = PBXBuildFile; fileRef = E593EB8F1544E97B00E6D236 /* StockSymbolDataController.m */; };
		E5EB6200154D272800C7BF30 /* RoundedUIView.m in Sources */ = {isa = PBXBuildFile; fileRef = E5EB61FF154D272800C7BF30 /* RoundedUIView.m */; };
/* End PBXBuildFile section */

/* Begin PBXContainerItemProxy section */
		E53D48A915448C860037A0BD /* PBXContainerItemProxy */ = {
			isa = PBXContainerItemProxy;
			containerPortal = E53D487115448C860037A0BD /* Project object */;
			proxyType = 1;
			remoteGlobalIDString = E53D487915448C860037A0BD;
			remoteInfo = Stockz;
		};
		E585C25D154EFCD9005318E9 /* PBXContainerItemProxy */ = {
			isa = PBXContainerItemProxy;
			containerPortal = E585C254154EFCD9005318E9 /* CorePlot-CocoaTouch.xcodeproj */;
			proxyType = 2;
			remoteGlobalIDString = BC9B83470FB8A0A40035D8DA;
			remoteInfo = "CorePlot-CocoaTouch";
		};
		E585C260154EFD00005318E9 /* PBXContainerItemProxy */ = {
			isa = PBXContainerItemProxy;
			containerPortal = E585C254154EFCD9005318E9 /* CorePlot-CocoaTouch.xcodeproj */;
			proxyType = 1;
			remoteGlobalIDString = BC9B83460FB8A0A40035D8DA;
			remoteInfo = "CorePlot-CocoaTouch";
		};
/* End PBXContainerItemProxy section */

/* Begin PBXFileReference section */
		E51A966A154530C400099FAB /* CustomMainTableViewCell.h */ = {isa = PBXFileReference; fileEncoding = 4; lastKnownFileType = sourcecode.c.h; path = CustomMainTableViewCell.h; sourceTree = "<group>"; };
		E51A966B154530C400099FAB /* CustomMainTableViewCell.m */ = {isa = PBXFileReference; fileEncoding = 4; lastKnownFileType = sourcecode.c.objc; path = CustomMainTableViewCell.m; sourceTree = "<group>"; };
		E533FAEC154CC56A005DA06C /* BlueDarkStripesSmall@2x.png */ = {isa = PBXFileReference; lastKnownFileType = image.png; name = "BlueDarkStripesSmall@2x.png"; path = "Stockz/BlueDarkStripesSmall@2x.png"; sourceTree = "<group>"; };
		E533FAF4154CCDF6005DA06C /* BlueLightStripesSmall@2x.png */ = {isa = PBXFileReference; lastKnownFileType = image.png; name = "BlueLightStripesSmall@2x.png"; path = "Stockz/BlueLightStripesSmall@2x.png"; sourceTree = "<group>"; };
		E533FAF8154CD588005DA06C /* BlueTopLightStripesSmall@2x.png */ = {isa = PBXFileReference; lastKnownFileType = image.png; name = "BlueTopLightStripesSmall@2x.png"; path = "Stockz/BlueTopLightStripesSmall@2x.png"; sourceTree = "<group>"; };
		E533FAFA154CD669005DA06C /* BlueBotDarkStripesSmall@2x.png */ = {isa = PBXFileReference; lastKnownFileType = image.png; name = "BlueBotDarkStripesSmall@2x.png"; path = "Stockz/BlueBotDarkStripesSmall@2x.png"; sourceTree = "<group>"; };
		E533FAFB154CD669005DA06C /* BlueBotLightStripesSmall@2x.png */ = {isa = PBXFileReference; lastKnownFileType = image.png; name = "BlueBotLightStripesSmall@2x.png"; path = "Stockz/BlueBotLightStripesSmall@2x.png"; sourceTree = "<group>"; };
		E53D487A15448C860037A0BD /* Stockz.app */ = {isa = PBXFileReference; explicitFileType = wrapper.application; includeInIndex = 0; path = Stockz.app; sourceTree = BUILT_PRODUCTS_DIR; };
		E53D487E15448C860037A0BD /* UIKit.framework */ = {isa = PBXFileReference; lastKnownFileType = wrapper.framework; name = UIKit.framework; path = System/Library/Frameworks/UIKit.framework; sourceTree = SDKROOT; };
		E53D488015448C860037A0BD /* Foundation.framework */ = {isa = PBXFileReference; lastKnownFileType = wrapper.framework; name = Foundation.framework; path = System/Library/Frameworks/Foundation.framework; sourceTree = SDKROOT; };
		E53D488215448C860037A0BD /* CoreGraphics.framework */ = {isa = PBXFileReference; lastKnownFileType = wrapper.framework; name = CoreGraphics.framework; path = System/Library/Frameworks/CoreGraphics.framework; sourceTree = SDKROOT; };
		E53D488415448C860037A0BD /* CoreData.framework */ = {isa = PBXFileReference; lastKnownFileType = wrapper.framework; name = CoreData.framework; path = System/Library/Frameworks/CoreData.framework; sourceTree = SDKROOT; };
		E53D488815448C860037A0BD /* Stockz-Info.plist */ = {isa = PBXFileReference; lastKnownFileType = text.plist.xml; path = "Stockz-Info.plist"; sourceTree = "<group>"; };
		E53D488A15448C860037A0BD /* en */ = {isa = PBXFileReference; lastKnownFileType = text.plist.strings; name = en; path = en.lproj/InfoPlist.strings; sourceTree = "<group>"; };
		E53D488C15448C860037A0BD /* main.m */ = {isa = PBXFileReference; lastKnownFileType = sourcecode.c.objc; path = main.m; sourceTree = "<group>"; };
		E53D488E15448C860037A0BD /* Stockz-Prefix.pch */ = {isa = PBXFileReference; lastKnownFileType = sourcecode.c.h; path = "Stockz-Prefix.pch"; sourceTree = "<group>"; };
		E53D488F15448C860037A0BD /* AppDelegate.h */ = {isa = PBXFileReference; lastKnownFileType = sourcecode.c.h; path = AppDelegate.h; sourceTree = "<group>"; };
		E53D489015448C860037A0BD /* AppDelegate.m */ = {isa = PBXFileReference; lastKnownFileType = sourcecode.c.objc; path = AppDelegate.m; sourceTree = "<group>"; };
		E53D489315448C860037A0BD /* en */ = {isa = PBXFileReference; lastKnownFileType = file.storyboard; name = en; path = en.lproj/MainStoryboard.storyboard; sourceTree = "<group>"; };
		E53D489615448C860037A0BD /* Stockz.xcdatamodel */ = {isa = PBXFileReference; lastKnownFileType = wrapper.xcdatamodel; path = Stockz.xcdatamodel; sourceTree = "<group>"; };
		E53D489815448C860037A0BD /* MainViewController.h */ = {isa = PBXFileReference; lastKnownFileType = sourcecode.c.h; path = MainViewController.h; sourceTree = "<group>"; };
		E53D489915448C860037A0BD /* MainViewController.m */ = {isa = PBXFileReference; lastKnownFileType = sourcecode.c.objc; path = MainViewController.m; sourceTree = "<group>"; };
		E53D489B15448C860037A0BD /* FlipsideViewController.h */ = {isa = PBXFileReference; lastKnownFileType = sourcecode.c.h; path = FlipsideViewController.h; sourceTree = "<group>"; };
		E53D489C15448C860037A0BD /* FlipsideViewController.m */ = {isa = PBXFileReference; lastKnownFileType = sourcecode.c.objc; path = FlipsideViewController.m; sourceTree = "<group>"; };
		E53D48A315448C860037A0BD /* StockzTests.octest */ = {isa = PBXFileReference; explicitFileType = wrapper.cfbundle; includeInIndex = 0; path = StockzTests.octest; sourceTree = BUILT_PRODUCTS_DIR; };
		E53D48A415448C860037A0BD /* SenTestingKit.framework */ = {isa = PBXFileReference; lastKnownFileType = wrapper.framework; name = SenTestingKit.framework; path = Library/Frameworks/SenTestingKit.framework; sourceTree = DEVELOPER_DIR; };
		E53D48AD15448C860037A0BD /* StockzTests-Info.plist */ = {isa = PBXFileReference; lastKnownFileType = text.plist.xml; path = "StockzTests-Info.plist"; sourceTree = "<group>"; };
		E53D48AF15448C860037A0BD /* en */ = {isa = PBXFileReference; lastKnownFileType = text.plist.strings; name = en; path = en.lproj/InfoPlist.strings; sourceTree = "<group>"; };
		E53D48B115448C860037A0BD /* StockzTests.h */ = {isa = PBXFileReference; lastKnownFileType = sourcecode.c.h; path = StockzTests.h; sourceTree = "<group>"; };
		E53D48B215448C860037A0BD /* StockzTests.m */ = {isa = PBXFileReference; lastKnownFileType = sourcecode.c.objc; path = StockzTests.m; sourceTree = "<group>"; };
		E585C245154E30F0005318E9 /* UIImage+Scale.h */ = {isa = PBXFileReference; fileEncoding = 4; lastKnownFileType = sourcecode.c.h; path = "UIImage+Scale.h"; sourceTree = "<group>"; };
		E585C246154E30F0005318E9 /* UIImage+Scale.m */ = {isa = PBXFileReference; fileEncoding = 4; lastKnownFileType = sourcecode.c.objc; path = "UIImage+Scale.m"; sourceTree = "<group>"; };
		E585C248154E397B005318E9 /* BlueDarkStripes@2x.png */ = {isa = PBXFileReference; lastKnownFileType = image.png; name = "BlueDarkStripes@2x.png"; path = "Stockz/BlueDarkStripes@2x.png"; sourceTree = "<group>"; };
		E585C249154E397B005318E9 /* BlueLightStripes@2x.png */ = {isa = PBXFileReference; lastKnownFileType = image.png; name = "BlueLightStripes@2x.png"; path = "Stockz/BlueLightStripes@2x.png"; sourceTree = "<group>"; };
		E585C254154EFCD9005318E9 /* CorePlot-CocoaTouch.xcodeproj */ = {isa = PBXFileReference; lastKnownFileType = "wrapper.pb-project"; name = "CorePlot-CocoaTouch.xcodeproj"; path = "CorePlot_1.0/Source/framework/CorePlot-CocoaTouch.xcodeproj"; sourceTree = "<group>"; };
		E593EB8A1544D99800E6D236 /* StockSymbol.h */ = {isa = PBXFileReference; fileEncoding = 4; lastKnownFileType = sourcecode.c.h; path = StockSymbol.h; sourceTree = "<group>"; };
		E593EB8B1544D99800E6D236 /* StockSymbol.m */ = {isa = PBXFileReference; fileEncoding = 4; lastKnownFileType = sourcecode.c.objc; path = StockSymbol.m; sourceTree = "<group>"; };
		E593EB8E1544E97B00E6D236 /* StockSymbolDataController.h */ = {isa = PBXFileReference; fileEncoding = 4; lastKnownFileType = sourcecode.c.h; path = StockSymbolDataController.h; sourceTree = "<group>"; };
		E593EB8F1544E97B00E6D236 /* StockSymbolDataController.m */ = {isa = PBXFileReference; fileEncoding = 4; lastKnownFileType = sourcecode.c.objc; path = StockSymbolDataController.m; sourceTree = "<group>"; };
		E5EB61FE154D272800C7BF30 /* RoundedUIView.h */ = {isa = PBXFileReference; fileEncoding = 4; lastKnownFileType = sourcecode.c.h; path = RoundedUIView.h; sourceTree = "<group>"; };
		E5EB61FF154D272800C7BF30 /* RoundedUIView.m */ = {isa = PBXFileReference; fileEncoding = 4; lastKnownFileType = sourcecode.c.objc; path = RoundedUIView.m; sourceTree = "<group>"; };
/* End PBXFileReference section */

/* Begin PBXFrameworksBuildPhase section */
		E53D487715448C860037A0BD /* Frameworks */ = {
			isa = PBXFrameworksBuildPhase;
			buildActionMask = 2147483647;
			files = (
				E53D487F15448C860037A0BD /* UIKit.framework in Frameworks */,
				E53D488115448C860037A0BD /* Foundation.framework in Frameworks */,
				E53D488315448C860037A0BD /* CoreGraphics.framework in Frameworks */,
				E53D488515448C860037A0BD /* CoreData.framework in Frameworks */,
			);
			runOnlyForDeploymentPostprocessing = 0;
		};
		E53D489F15448C860037A0BD /* Frameworks */ = {
			isa = PBXFrameworksBuildPhase;
			buildActionMask = 2147483647;
			files = (
				E53D48A515448C860037A0BD /* SenTestingKit.framework in Frameworks */,
				E53D48A615448C860037A0BD /* UIKit.framework in Frameworks */,
				E53D48A715448C860037A0BD /* Foundation.framework in Frameworks */,
				E53D48A815448C860037A0BD /* CoreData.framework in Frameworks */,
			);
			runOnlyForDeploymentPostprocessing = 0;
		};
/* End PBXFrameworksBuildPhase section */

/* Begin PBXGroup section */
		E51A966515452FEE00099FAB /* Models */ = {
			isa = PBXGroup;
			children = (
				E593EB8A1544D99800E6D236 /* StockSymbol.h */,
				E593EB8B1544D99800E6D236 /* StockSymbol.m */,
			);
			name = Models;
			sourceTree = "<group>";
		};
		E51A966715452FFD00099FAB /* View Controllers */ = {
			isa = PBXGroup;
			children = (
				E53D489815448C860037A0BD /* MainViewController.h */,
				E53D489915448C860037A0BD /* MainViewController.m */,
				E53D489B15448C860037A0BD /* FlipsideViewController.h */,
				E53D489C15448C860037A0BD /* FlipsideViewController.m */,
			);
			name = "View Controllers";
			sourceTree = "<group>";
		};
		E51A96681545301600099FAB /* Data Controllers */ = {
			isa = PBXGroup;
			children = (
				E593EB8E1544E97B00E6D236 /* StockSymbolDataController.h */,
				E593EB8F1544E97B00E6D236 /* StockSymbolDataController.m */,
			);
			name = "Data Controllers";
			sourceTree = "<group>";
		};
		E51A96691545303F00099FAB /* Custom UI Elements */ = {
			isa = PBXGroup;
			children = (
				E51A966A154530C400099FAB /* CustomMainTableViewCell.h */,
				E51A966B154530C400099FAB /* CustomMainTableViewCell.m */,
				E5EB61FE154D272800C7BF30 /* RoundedUIView.h */,
				E5EB61FF154D272800C7BF30 /* RoundedUIView.m */,
			);
			name = "Custom UI Elements";
			sourceTree = "<group>";
		};
		E533FAD4154CAF54005DA06C /* Resources */ = {
			isa = PBXGroup;
			children = (
				E585C248154E397B005318E9 /* BlueDarkStripes@2x.png */,
				E585C249154E397B005318E9 /* BlueLightStripes@2x.png */,
				E533FAFA154CD669005DA06C /* BlueBotDarkStripesSmall@2x.png */,
				E533FAFB154CD669005DA06C /* BlueBotLightStripesSmall@2x.png */,
				E533FAF8154CD588005DA06C /* BlueTopLightStripesSmall@2x.png */,
				E533FAF4154CCDF6005DA06C /* BlueLightStripesSmall@2x.png */,
				E533FAEC154CC56A005DA06C /* BlueDarkStripesSmall@2x.png */,
			);
			name = Resources;
			sourceTree = "<group>";
		};
		E53D486F15448C860037A0BD = {
			isa = PBXGroup;
			children = (
				E585C242154E3099005318E9 /* MonkeyPatches */,
				E533FAD4154CAF54005DA06C /* Resources */,
				E53D488615448C860037A0BD /* Stockz */,
				E53D48AB15448C860037A0BD /* StockzTests */,
				E53D487D15448C860037A0BD /* Frameworks */,
				E53D487B15448C860037A0BD /* Products */,
				E585C254154EFCD9005318E9 /* CorePlot-CocoaTouch.xcodeproj */,
			);
			sourceTree = "<group>";
		};
		E53D487B15448C860037A0BD /* Products */ = {
			isa = PBXGroup;
			children = (
				E53D487A15448C860037A0BD /* Stockz.app */,
				E53D48A315448C860037A0BD /* StockzTests.octest */,
			);
			name = Products;
			sourceTree = "<group>";
		};
		E53D487D15448C860037A0BD /* Frameworks */ = {
			isa = PBXGroup;
			children = (
				E53D487E15448C860037A0BD /* UIKit.framework */,
				E53D488015448C860037A0BD /* Foundation.framework */,
				E53D488215448C860037A0BD /* CoreGraphics.framework */,
				E53D488415448C860037A0BD /* CoreData.framework */,
				E53D48A415448C860037A0BD /* SenTestingKit.framework */,
			);
			name = Frameworks;
			sourceTree = "<group>";
		};
		E53D488615448C860037A0BD /* Stockz */ = {
			isa = PBXGroup;
			children = (
				E53D488F15448C860037A0BD /* AppDelegate.h */,
				E53D489015448C860037A0BD /* AppDelegate.m */,
				E51A96681545301600099FAB /* Data Controllers */,
				E51A966715452FFD00099FAB /* View Controllers */,
				E51A966515452FEE00099FAB /* Models */,
				E51A96691545303F00099FAB /* Custom UI Elements */,
				E53D489215448C860037A0BD /* MainStoryboard.storyboard */,
				E53D489515448C860037A0BD /* Stockz.xcdatamodeld */,
				E53D488715448C860037A0BD /* Supporting Files */,
			);
			path = Stockz;
			sourceTree = "<group>";
		};
		E53D488715448C860037A0BD /* Supporting Files */ = {
			isa = PBXGroup;
			children = (
				E53D488815448C860037A0BD /* Stockz-Info.plist */,
				E53D488915448C860037A0BD /* InfoPlist.strings */,
				E53D488C15448C860037A0BD /* main.m */,
				E53D488E15448C860037A0BD /* Stockz-Prefix.pch */,
			);
			name = "Supporting Files";
			sourceTree = "<group>";
		};
		E53D48AB15448C860037A0BD /* StockzTests */ = {
			isa = PBXGroup;
			children = (
				E53D48B115448C860037A0BD /* StockzTests.h */,
				E53D48B215448C860037A0BD /* StockzTests.m */,
				E53D48AC15448C860037A0BD /* Supporting Files */,
			);
			path = StockzTests;
			sourceTree = "<group>";
		};
		E53D48AC15448C860037A0BD /* Supporting Files */ = {
			isa = PBXGroup;
			children = (
				E53D48AD15448C860037A0BD /* StockzTests-Info.plist */,
				E53D48AE15448C860037A0BD /* InfoPlist.strings */,
			);
			name = "Supporting Files";
			sourceTree = "<group>";
		};
		E585C242154E3099005318E9 /* MonkeyPatches */ = {
			isa = PBXGroup;
			children = (
				E585C245154E30F0005318E9 /* UIImage+Scale.h */,
				E585C246154E30F0005318E9 /* UIImage+Scale.m */,
			);
			name = MonkeyPatches;
			sourceTree = "<group>";
		};
		E585C255154EFCD9005318E9 /* Products */ = {
			isa = PBXGroup;
			children = (
				E585C25E154EFCD9005318E9 /* libCorePlot-CocoaTouch.a */,
			);
			name = Products;
			sourceTree = "<group>";
		};
/* End PBXGroup section */

/* Begin PBXNativeTarget section */
		E53D487915448C860037A0BD /* Stockz */ = {
			isa = PBXNativeTarget;
			buildConfigurationList = E53D48B615448C860037A0BD /* Build configuration list for PBXNativeTarget "Stockz" */;
			buildPhases = (
				E53D487615448C860037A0BD /* Sources */,
				E53D487715448C860037A0BD /* Frameworks */,
				E53D487815448C860037A0BD /* Resources */,
			);
			buildRules = (
			);
			dependencies = (
				E585C261154EFD00005318E9 /* PBXTargetDependency */,
			);
			name = Stockz;
			productName = Stockz;
			productReference = E53D487A15448C860037A0BD /* Stockz.app */;
			productType = "com.apple.product-type.application";
		};
		E53D48A215448C860037A0BD /* StockzTests */ = {
			isa = PBXNativeTarget;
			buildConfigurationList = E53D48B915448C860037A0BD /* Build configuration list for PBXNativeTarget "StockzTests" */;
			buildPhases = (
				E53D489E15448C860037A0BD /* Sources */,
				E53D489F15448C860037A0BD /* Frameworks */,
				E53D48A015448C860037A0BD /* Resources */,
				E53D48A115448C860037A0BD /* ShellScript */,
			);
			buildRules = (
			);
			dependencies = (
				E53D48AA15448C860037A0BD /* PBXTargetDependency */,
			);
			name = StockzTests;
			productName = StockzTests;
			productReference = E53D48A315448C860037A0BD /* StockzTests.octest */;
			productType = "com.apple.product-type.bundle";
		};
/* End PBXNativeTarget section */

/* Begin PBXProject section */
		E53D487115448C860037A0BD /* Project object */ = {
			isa = PBXProject;
			attributes = {
				LastUpgradeCheck = 0430;
				ORGANIZATIONNAME = "sgonyea inc";
			};
			buildConfigurationList = E53D487415448C860037A0BD /* Build configuration list for PBXProject "Stockz" */;
			compatibilityVersion = "Xcode 3.2";
			developmentRegion = English;
			hasScannedForEncodings = 0;
			knownRegions = (
				en,
			);
			mainGroup = E53D486F15448C860037A0BD;
			productRefGroup = E53D487B15448C860037A0BD /* Products */;
			projectDirPath = "";
			projectReferences = (
				{
					ProductGroup = E585C255154EFCD9005318E9 /* Products */;
					ProjectRef = E585C254154EFCD9005318E9 /* CorePlot-CocoaTouch.xcodeproj */;
				},
			);
			projectRoot = "";
			targets = (
				E53D487915448C860037A0BD /* Stockz */,
				E53D48A215448C860037A0BD /* StockzTests */,
			);
		};
/* End PBXProject section */

/* Begin PBXReferenceProxy section */
		E585C25E154EFCD9005318E9 /* libCorePlot-CocoaTouch.a */ = {
			isa = PBXReferenceProxy;
			fileType = archive.ar;
			path = "libCorePlot-CocoaTouch.a";
			remoteRef = E585C25D154EFCD9005318E9 /* PBXContainerItemProxy */;
			sourceTree = BUILT_PRODUCTS_DIR;
		};
/* End PBXReferenceProxy section */

/* Begin PBXResourcesBuildPhase section */
		E53D487815448C860037A0BD /* Resources */ = {
			isa = PBXResourcesBuildPhase;
			buildActionMask = 2147483647;
			files = (
				E53D488B15448C860037A0BD /* InfoPlist.strings in Resources */,
				E53D489415448C860037A0BD /* MainStoryboard.storyboard in Resources */,
				E533FAED154CC56A005DA06C /* BlueDarkStripesSmall@2x.png in Resources */,
				E533FAF5154CCDF6005DA06C /* BlueLightStripesSmall@2x.png in Resources */,
				E533FAF9154CD588005DA06C /* BlueTopLightStripesSmall@2x.png in Resources */,
				E533FAFC154CD669005DA06C /* BlueBotDarkStripesSmall@2x.png in Resources */,
				E533FAFD154CD669005DA06C /* BlueBotLightStripesSmall@2x.png in Resources */,
				E585C24A154E397B005318E9 /* BlueDarkStripes@2x.png in Resources */,
				E585C24B154E397B005318E9 /* BlueLightStripes@2x.png in Resources */,
			);
			runOnlyForDeploymentPostprocessing = 0;
		};
		E53D48A015448C860037A0BD /* Resources */ = {
			isa = PBXResourcesBuildPhase;
			buildActionMask = 2147483647;
			files = (
				E53D48B015448C860037A0BD /* InfoPlist.strings in Resources */,
			);
			runOnlyForDeploymentPostprocessing = 0;
		};
/* End PBXResourcesBuildPhase section */

/* Begin PBXShellScriptBuildPhase section */
		E53D48A115448C860037A0BD /* ShellScript */ = {
			isa = PBXShellScriptBuildPhase;
			buildActionMask = 2147483647;
			files = (
			);
			inputPaths = (
			);
			outputPaths = (
			);
			runOnlyForDeploymentPostprocessing = 0;
			shellPath = /bin/sh;
			shellScript = "# Run the unit tests in this test bundle.\n\"${SYSTEM_DEVELOPER_DIR}/Tools/RunUnitTests\"\n";
		};
/* End PBXShellScriptBuildPhase section */

/* Begin PBXSourcesBuildPhase section */
		E53D487615448C860037A0BD /* Sources */ = {
			isa = PBXSourcesBuildPhase;
			buildActionMask = 2147483647;
			files = (
				E53D488D15448C860037A0BD /* main.m in Sources */,
				E53D489115448C860037A0BD /* AppDelegate.m in Sources */,
				E53D489715448C860037A0BD /* Stockz.xcdatamodeld in Sources */,
				E53D489A15448C860037A0BD /* MainViewController.m in Sources */,
				E53D489D15448C860037A0BD /* FlipsideViewController.m in Sources */,
				E593EB8C1544D99800E6D236 /* StockSymbol.m in Sources */,
				E593EB901544E97B00E6D236 /* StockSymbolDataController.m in Sources */,
				E51A966C154530C400099FAB /* CustomMainTableViewCell.m in Sources */,
				E5EB6200154D272800C7BF30 /* RoundedUIView.m in Sources */,
				E585C247154E30F0005318E9 /* UIImage+Scale.m in Sources */,
			);
			runOnlyForDeploymentPostprocessing = 0;
		};
		E53D489E15448C860037A0BD /* Sources */ = {
			isa = PBXSourcesBuildPhase;
			buildActionMask = 2147483647;
			files = (
				E53D48B315448C860037A0BD /* StockzTests.m in Sources */,
			);
			runOnlyForDeploymentPostprocessing = 0;
		};
/* End PBXSourcesBuildPhase section */

/* Begin PBXTargetDependency section */
		E53D48AA15448C860037A0BD /* PBXTargetDependency */ = {
			isa = PBXTargetDependency;
			target = E53D487915448C860037A0BD /* Stockz */;
			targetProxy = E53D48A915448C860037A0BD /* PBXContainerItemProxy */;
		};
		E585C261154EFD00005318E9 /* PBXTargetDependency */ = {
			isa = PBXTargetDependency;
			name = "CorePlot-CocoaTouch";
			targetProxy = E585C260154EFD00005318E9 /* PBXContainerItemProxy */;
		};
/* End PBXTargetDependency section */

/* Begin PBXVariantGroup section */
		E53D488915448C860037A0BD /* InfoPlist.strings */ = {
			isa = PBXVariantGroup;
			children = (
				E53D488A15448C860037A0BD /* en */,
			);
			name = InfoPlist.strings;
			sourceTree = "<group>";
		};
		E53D489215448C860037A0BD /* MainStoryboard.storyboard */ = {
			isa = PBXVariantGroup;
			children = (
				E53D489315448C860037A0BD /* en */,
			);
			name = MainStoryboard.storyboard;
			sourceTree = "<group>";
		};
		E53D48AE15448C860037A0BD /* InfoPlist.strings */ = {
			isa = PBXVariantGroup;
			children = (
				E53D48AF15448C860037A0BD /* en */,
			);
			name = InfoPlist.strings;
			sourceTree = "<group>";
		};
/* End PBXVariantGroup section */

/* Begin XCBuildConfiguration section */
		E53D48B415448C860037A0BD /* Debug */ = {
			isa = XCBuildConfiguration;
			buildSettings = {
				ALWAYS_SEARCH_USER_PATHS = NO;
				ARCHS = "$(ARCHS_STANDARD_32_BIT)";
				CLANG_ENABLE_OBJC_ARC = YES;
				"CODE_SIGN_IDENTITY[sdk=iphoneos*]" = "iPhone Developer";
				COPY_PHASE_STRIP = NO;
				GCC_C_LANGUAGE_STANDARD = gnu99;
				GCC_DYNAMIC_NO_PIC = NO;
				GCC_OPTIMIZATION_LEVEL = 0;
				GCC_PREPROCESSOR_DEFINITIONS = (
					"DEBUG=1",
					"$(inherited)",
				);
				GCC_SYMBOLS_PRIVATE_EXTERN = NO;
				GCC_VERSION = com.apple.compilers.llvm.clang.1_0;
				GCC_WARN_ABOUT_RETURN_TYPE = YES;
				GCC_WARN_UNINITIALIZED_AUTOS = YES;
				GCC_WARN_UNUSED_VARIABLE = YES;
				HEADER_SEARCH_PATHS = "/Users/sgonyea/Sites/Stockz/CorePlot_1.0/Source/framework/**";
				IPHONEOS_DEPLOYMENT_TARGET = 5.1;
				SDKROOT = iphoneos;
			};
			name = Debug;
		};
		E53D48B515448C860037A0BD /* Release */ = {
			isa = XCBuildConfiguration;
			buildSettings = {
				ALWAYS_SEARCH_USER_PATHS = NO;
				ARCHS = "$(ARCHS_STANDARD_32_BIT)";
				CLANG_ENABLE_OBJC_ARC = YES;
				"CODE_SIGN_IDENTITY[sdk=iphoneos*]" = "iPhone Developer";
				COPY_PHASE_STRIP = YES;
				GCC_C_LANGUAGE_STANDARD = gnu99;
				GCC_VERSION = com.apple.compilers.llvm.clang.1_0;
				GCC_WARN_ABOUT_RETURN_TYPE = YES;
				GCC_WARN_UNINITIALIZED_AUTOS = YES;
				GCC_WARN_UNUSED_VARIABLE = YES;
				HEADER_SEARCH_PATHS = "/Users/sgonyea/Sites/Stockz/CorePlot_1.0/Source/framework/**";
				IPHONEOS_DEPLOYMENT_TARGET = 5.1;
				OTHER_CFLAGS = "-DNS_BLOCK_ASSERTIONS=1";
				SDKROOT = iphoneos;
				VALIDATE_PRODUCT = YES;
			};
			name = Release;
		};
		E53D48B715448C860037A0BD /* Debug */ = {
			isa = XCBuildConfiguration;
			buildSettings = {
				GCC_PRECOMPILE_PREFIX_HEADER = YES;
				GCC_PREFIX_HEADER = "Stockz/Stockz-Prefix.pch";
				INFOPLIST_FILE = "Stockz/Stockz-Info.plist";
				PRODUCT_NAME = "$(TARGET_NAME)";
				WRAPPER_EXTENSION = app;
			};
			name = Debug;
		};
		E53D48B815448C860037A0BD /* Release */ = {
			isa = XCBuildConfiguration;
			buildSettings = {
				GCC_PRECOMPILE_PREFIX_HEADER = YES;
				GCC_PREFIX_HEADER = "Stockz/Stockz-Prefix.pch";
				INFOPLIST_FILE = "Stockz/Stockz-Info.plist";
				PRODUCT_NAME = "$(TARGET_NAME)";
				WRAPPER_EXTENSION = app;
			};
			name = Release;
		};
		E53D48BA15448C860037A0BD /* Debug */ = {
			isa = XCBuildConfiguration;
			buildSettings = {
				BUNDLE_LOADER = "$(BUILT_PRODUCTS_DIR)/Stockz.app/Stockz";
				FRAMEWORK_SEARCH_PATHS = (
					"$(SDKROOT)/Developer/Library/Frameworks",
					"$(DEVELOPER_LIBRARY_DIR)/Frameworks",
				);
				GCC_PRECOMPILE_PREFIX_HEADER = YES;
				GCC_PREFIX_HEADER = "Stockz/Stockz-Prefix.pch";
				INFOPLIST_FILE = "StockzTests/StockzTests-Info.plist";
				PRODUCT_NAME = "$(TARGET_NAME)";
				TEST_HOST = "$(BUNDLE_LOADER)";
				WRAPPER_EXTENSION = octest;
			};
			name = Debug;
		};
		E53D48BB15448C860037A0BD /* Release */ = {
			isa = XCBuildConfiguration;
			buildSettings = {
				BUNDLE_LOADER = "$(BUILT_PRODUCTS_DIR)/Stockz.app/Stockz";
				FRAMEWORK_SEARCH_PATHS = (
					"$(SDKROOT)/Developer/Library/Frameworks",
					"$(DEVELOPER_LIBRARY_DIR)/Frameworks",
				);
				GCC_PRECOMPILE_PREFIX_HEADER = YES;
				GCC_PREFIX_HEADER = "Stockz/Stockz-Prefix.pch";
				INFOPLIST_FILE = "StockzTests/StockzTests-Info.plist";
				PRODUCT_NAME = "$(TARGET_NAME)";
				TEST_HOST = "$(BUNDLE_LOADER)";
				WRAPPER_EXTENSION = octest;
			};
			name = Release;
		};
/* End XCBuildConfiguration section */

/* Begin XCConfigurationList section */
		E53D487415448C860037A0BD /* Build configuration list for PBXProject "Stockz" */ = {
			isa = XCConfigurationList;
			buildConfigurations = (
				E53D48B415448C860037A0BD /* Debug */,
				E53D48B515448C860037A0BD /* Release */,
			);
			defaultConfigurationIsVisible = 0;
			defaultConfigurationName = Release;
		};
		E53D48B615448C860037A0BD /* Build configuration list for PBXNativeTarget "Stockz" */ = {
			isa = XCConfigurationList;
			buildConfigurations = (
				E53D48B715448C860037A0BD /* Debug */,
				E53D48B815448C860037A0BD /* Release */,
			);
			defaultConfigurationIsVisible = 0;
			defaultConfigurationName = Release;
		};
		E53D48B915448C860037A0BD /* Build configuration list for PBXNativeTarget "StockzTests" */ = {
			isa = XCConfigurationList;
			buildConfigurations = (
				E53D48BA15448C860037A0BD /* Debug */,
				E53D48BB15448C860037A0BD /* Release */,
			);
			defaultConfigurationIsVisible = 0;
			defaultConfigurationName = Release;
		};
/* End XCConfigurationList section */

/* Begin XCVersionGroup section */
		E53D489515448C860037A0BD /* Stockz.xcdatamodeld */ = {
			isa = XCVersionGroup;
			children = (
				E53D489615448C860037A0BD /* Stockz.xcdatamodel */,
			);
			currentVersion = E53D489615448C860037A0BD /* Stockz.xcdatamodel */;
			path = Stockz.xcdatamodeld;
			sourceTree = "<group>";
			versionGroupType = wrapper.xcdatamodel;
		};
/* End XCVersionGroup section */
	};
	rootObject = E53D487115448C860037A0BD /* Project object */;
}
